// !$*UTF8*$!
{
	archiveVersion = 1;
	classes = {
	};
	objectVersion = 55;
	objects = {

/* Begin PBXBuildFile section */
		E848F80B282155CD00F16792 /* Tests_iOS.swift in Sources */ = {isa = PBXBuildFile; fileRef = E848F80A282155CD00F16792 /* Tests_iOS.swift */; };
		E848F80D282155CD00F16792 /* Tests_iOSLaunchTests.swift in Sources */ = {isa = PBXBuildFile; fileRef = E848F80C282155CD00F16792 /* Tests_iOSLaunchTests.swift */; };
		E848F817282155CD00F16792 /* Tests_macOS.swift in Sources */ = {isa = PBXBuildFile; fileRef = E848F816282155CD00F16792 /* Tests_macOS.swift */; };
		E848F819282155CD00F16792 /* Tests_macOSLaunchTests.swift in Sources */ = {isa = PBXBuildFile; fileRef = E848F818282155CD00F16792 /* Tests_macOSLaunchTests.swift */; };
		E848F81A282155CD00F16792 /* SampleToDoApp_SwiftUIApp.swift in Sources */ = {isa = PBXBuildFile; fileRef = E848F7F2282155CB00F16792 /* SampleToDoApp_SwiftUIApp.swift */; };
		E848F81B282155CD00F16792 /* SampleToDoApp_SwiftUIApp.swift in Sources */ = {isa = PBXBuildFile; fileRef = E848F7F2282155CB00F16792 /* SampleToDoApp_SwiftUIApp.swift */; };
		E848F81C282155CD00F16792 /* ContentView.swift in Sources */ = {isa = PBXBuildFile; fileRef = E848F7F3282155CB00F16792 /* ContentView.swift */; };
		E848F81D282155CD00F16792 /* ContentView.swift in Sources */ = {isa = PBXBuildFile; fileRef = E848F7F3282155CB00F16792 /* ContentView.swift */; };
		E848F81E282155CD00F16792 /* Assets.xcassets in Resources */ = {isa = PBXBuildFile; fileRef = E848F7F4282155CD00F16792 /* Assets.xcassets */; };
		E848F81F282155CD00F16792 /* Assets.xcassets in Resources */ = {isa = PBXBuildFile; fileRef = E848F7F4282155CD00F16792 /* Assets.xcassets */; };
		E848F8322821566600F16792 /* ToDoItem.swift in Sources */ = {isa = PBXBuildFile; fileRef = E848F8312821566600F16792 /* ToDoItem.swift */; };
		E848F8332821566600F16792 /* ToDoItem.swift in Sources */ = {isa = PBXBuildFile; fileRef = E848F8312821566600F16792 /* ToDoItem.swift */; };
		E848F835282157CB00F16792 /* TaskView.swift in Sources */ = {isa = PBXBuildFile; fileRef = E848F834282157CB00F16792 /* TaskView.swift */; };
		E848F836282157CB00F16792 /* TaskView.swift in Sources */ = {isa = PBXBuildFile; fileRef = E848F834282157CB00F16792 /* TaskView.swift */; };
/* End PBXBuildFile section */

/* Begin PBXContainerItemProxy section */
		E848F807282155CD00F16792 /* PBXContainerItemProxy */ = {
			isa = PBXContainerItemProxy;
			containerPortal = E848F7ED282155CB00F16792 /* Project object */;
			proxyType = 1;
			remoteGlobalIDString = E848F7F8282155CD00F16792;
			remoteInfo = "SampleToDoApp+SwiftUI (iOS)";
		};
		E848F813282155CD00F16792 /* PBXContainerItemProxy */ = {
			isa = PBXContainerItemProxy;
			containerPortal = E848F7ED282155CB00F16792 /* Project object */;
			proxyType = 1;
			remoteGlobalIDString = E848F7FE282155CD00F16792;
			remoteInfo = "SampleToDoApp+SwiftUI (macOS)";
		};
/* End PBXContainerItemProxy section */

/* Begin PBXFileReference section */
		E848F7F2282155CB00F16792 /* SampleToDoApp_SwiftUIApp.swift */ = {isa = PBXFileReference; lastKnownFileType = sourcecode.swift; path = SampleToDoApp_SwiftUIApp.swift; sourceTree = "<group>"; };
		E848F7F3282155CB00F16792 /* ContentView.swift */ = {isa = PBXFileReference; lastKnownFileType = sourcecode.swift; path = ContentView.swift; sourceTree = "<group>"; };
		E848F7F4282155CD00F16792 /* Assets.xcassets */ = {isa = PBXFileReference; lastKnownFileType = folder.assetcatalog; path = Assets.xcassets; sourceTree = "<group>"; };
		E848F7F9282155CD00F16792 /* SampleToDoApp+SwiftUI.app */ = {isa = PBXFileReference; explicitFileType = wrapper.application; includeInIndex = 0; path = "SampleToDoApp+SwiftUI.app"; sourceTree = BUILT_PRODUCTS_DIR; };
		E848F7FF282155CD00F16792 /* SampleToDoApp+SwiftUI.app */ = {isa = PBXFileReference; explicitFileType = wrapper.application; includeInIndex = 0; path = "SampleToDoApp+SwiftUI.app"; sourceTree = BUILT_PRODUCTS_DIR; };
		E848F801282155CD00F16792 /* macOS.entitlements */ = {isa = PBXFileReference; lastKnownFileType = text.plist.entitlements; path = macOS.entitlements; sourceTree = "<group>"; };
		E848F806282155CD00F16792 /* Tests iOS.xctest */ = {isa = PBXFileReference; explicitFileType = wrapper.cfbundle; includeInIndex = 0; path = "Tests iOS.xctest"; sourceTree = BUILT_PRODUCTS_DIR; };
		E848F80A282155CD00F16792 /* Tests_iOS.swift */ = {isa = PBXFileReference; lastKnownFileType = sourcecode.swift; path = Tests_iOS.swift; sourceTree = "<group>"; };
		E848F80C282155CD00F16792 /* Tests_iOSLaunchTests.swift */ = {isa = PBXFileReference; lastKnownFileType = sourcecode.swift; path = Tests_iOSLaunchTests.swift; sourceTree = "<group>"; };
		E848F812282155CD00F16792 /* Tests macOS.xctest */ = {isa = PBXFileReference; explicitFileType = wrapper.cfbundle; includeInIndex = 0; path = "Tests macOS.xctest"; sourceTree = BUILT_PRODUCTS_DIR; };
		E848F816282155CD00F16792 /* Tests_macOS.swift */ = {isa = PBXFileReference; lastKnownFileType = sourcecode.swift; path = Tests_macOS.swift; sourceTree = "<group>"; };
		E848F818282155CD00F16792 /* Tests_macOSLaunchTests.swift */ = {isa = PBXFileReference; lastKnownFileType = sourcecode.swift; path = Tests_macOSLaunchTests.swift; sourceTree = "<group>"; };
		E848F8312821566600F16792 /* ToDoItem.swift */ = {isa = PBXFileReference; lastKnownFileType = sourcecode.swift; path = ToDoItem.swift; sourceTree = "<group>"; };
		E848F834282157CB00F16792 /* TaskView.swift */ = {isa = PBXFileReference; lastKnownFileType = sourcecode.swift; path = TaskView.swift; sourceTree = "<group>"; };
/* End PBXFileReference section */

/* Begin PBXFrameworksBuildPhase section */
		E848F7F6282155CD00F16792 /* Frameworks */ = {
			isa = PBXFrameworksBuildPhase;
			buildActionMask = 2147483647;
			files = (
			);
			runOnlyForDeploymentPostprocessing = 0;
		};
		E848F7FC282155CD00F16792 /* Frameworks */ = {
			isa = PBXFrameworksBuildPhase;
			buildActionMask = 2147483647;
			files = (
			);
			runOnlyForDeploymentPostprocessing = 0;
		};
		E848F803282155CD00F16792 /* Frameworks */ = {
			isa = PBXFrameworksBuildPhase;
			buildActionMask = 2147483647;
			files = (
			);
			runOnlyForDeploymentPostprocessing = 0;
		};
		E848F80F282155CD00F16792 /* Frameworks */ = {
			isa = PBXFrameworksBuildPhase;
			buildActionMask = 2147483647;
			files = (
			);
			runOnlyForDeploymentPostprocessing = 0;
		};
/* End PBXFrameworksBuildPhase section */

/* Begin PBXGroup section */
		E848F7EC282155CB00F16792 = {
			isa = PBXGroup;
			children = (
				E848F7F1282155CB00F16792 /* Shared */,
				E848F800282155CD00F16792 /* macOS */,
				E848F809282155CD00F16792 /* Tests iOS */,
				E848F815282155CD00F16792 /* Tests macOS */,
				E848F7FA282155CD00F16792 /* Products */,
			);
			sourceTree = "<group>";
		};
		E848F7F1282155CB00F16792 /* Shared */ = {
			isa = PBXGroup;
			children = (
				E848F7F2282155CB00F16792 /* SampleToDoApp_SwiftUIApp.swift */,
				E848F8312821566600F16792 /* ToDoItem.swift */,
				E848F834282157CB00F16792 /* TaskView.swift */,
				E848F7F3282155CB00F16792 /* ContentView.swift */,
				E848F7F4282155CD00F16792 /* Assets.xcassets */,
			);
			path = Shared;
			sourceTree = "<group>";
		};
		E848F7FA282155CD00F16792 /* Products */ = {
			isa = PBXGroup;
			children = (
				E848F7F9282155CD00F16792 /* SampleToDoApp+SwiftUI.app */,
				E848F7FF282155CD00F16792 /* SampleToDoApp+SwiftUI.app */,
				E848F806282155CD00F16792 /* Tests iOS.xctest */,
				E848F812282155CD00F16792 /* Tests macOS.xctest */,
			);
			name = Products;
			sourceTree = "<group>";
		};
		E848F800282155CD00F16792 /* macOS */ = {
			isa = PBXGroup;
			children = (
				E848F801282155CD00F16792 /* macOS.entitlements */,
			);
			path = macOS;
			sourceTree = "<group>";
		};
		E848F809282155CD00F16792 /* Tests iOS */ = {
			isa = PBXGroup;
			children = (
				E848F80A282155CD00F16792 /* Tests_iOS.swift */,
				E848F80C282155CD00F16792 /* Tests_iOSLaunchTests.swift */,
			);
			path = "Tests iOS";
			sourceTree = "<group>";
		};
		E848F815282155CD00F16792 /* Tests macOS */ = {
			isa = PBXGroup;
			children = (
				E848F816282155CD00F16792 /* Tests_macOS.swift */,
				E848F818282155CD00F16792 /* Tests_macOSLaunchTests.swift */,
			);
			path = "Tests macOS";
			sourceTree = "<group>";
		};
/* End PBXGroup section */

/* Begin PBXNativeTarget section */
		E848F7F8282155CD00F16792 /* SampleToDoApp+SwiftUI (iOS) */ = {
			isa = PBXNativeTarget;
			buildConfigurationList = E848F822282155CD00F16792 /* Build configuration list for PBXNativeTarget "SampleToDoApp+SwiftUI (iOS)" */;
			buildPhases = (
				E848F7F5282155CD00F16792 /* Sources */,
				E848F7F6282155CD00F16792 /* Frameworks */,
				E848F7F7282155CD00F16792 /* Resources */,
			);
			buildRules = (
			);
			dependencies = (
			);
			name = "SampleToDoApp+SwiftUI (iOS)";
			productName = "SampleToDoApp+SwiftUI (iOS)";
			productReference = E848F7F9282155CD00F16792 /* SampleToDoApp+SwiftUI.app */;
			productType = "com.apple.product-type.application";
		};
		E848F7FE282155CD00F16792 /* SampleToDoApp+SwiftUI (macOS) */ = {
			isa = PBXNativeTarget;
			buildConfigurationList = E848F825282155CD00F16792 /* Build configuration list for PBXNativeTarget "SampleToDoApp+SwiftUI (macOS)" */;
			buildPhases = (
				E848F7FB282155CD00F16792 /* Sources */,
				E848F7FC282155CD00F16792 /* Frameworks */,
				E848F7FD282155CD00F16792 /* Resources */,
			);
			buildRules = (
			);
			dependencies = (
			);
			name = "SampleToDoApp+SwiftUI (macOS)";
			productName = "SampleToDoApp+SwiftUI (macOS)";
			productReference = E848F7FF282155CD00F16792 /* SampleToDoApp+SwiftUI.app */;
			productType = "com.apple.product-type.application";
		};
		E848F805282155CD00F16792 /* Tests iOS */ = {
			isa = PBXNativeTarget;
			buildConfigurationList = E848F828282155CD00F16792 /* Build configuration list for PBXNativeTarget "Tests iOS" */;
			buildPhases = (
				E848F802282155CD00F16792 /* Sources */,
				E848F803282155CD00F16792 /* Frameworks */,
				E848F804282155CD00F16792 /* Resources */,
			);
			buildRules = (
			);
			dependencies = (
				E848F808282155CD00F16792 /* PBXTargetDependency */,
			);
			name = "Tests iOS";
			productName = "Tests iOS";
			productReference = E848F806282155CD00F16792 /* Tests iOS.xctest */;
			productType = "com.apple.product-type.bundle.ui-testing";
		};
		E848F811282155CD00F16792 /* Tests macOS */ = {
			isa = PBXNativeTarget;
			buildConfigurationList = E848F82B282155CD00F16792 /* Build configuration list for PBXNativeTarget "Tests macOS" */;
			buildPhases = (
				E848F80E282155CD00F16792 /* Sources */,
				E848F80F282155CD00F16792 /* Frameworks */,
				E848F810282155CD00F16792 /* Resources */,
			);
			buildRules = (
			);
			dependencies = (
				E848F814282155CD00F16792 /* PBXTargetDependency */,
			);
			name = "Tests macOS";
			productName = "Tests macOS";
			productReference = E848F812282155CD00F16792 /* Tests macOS.xctest */;
			productType = "com.apple.product-type.bundle.ui-testing";
		};
/* End PBXNativeTarget section */

/* Begin PBXProject section */
		E848F7ED282155CB00F16792 /* Project object */ = {
			isa = PBXProject;
			attributes = {
				BuildIndependentTargetsInParallel = 1;
				LastSwiftUpdateCheck = 1330;
				LastUpgradeCheck = 1330;
				TargetAttributes = {
					E848F7F8282155CD00F16792 = {
						CreatedOnToolsVersion = 13.3.1;
					};
					E848F7FE282155CD00F16792 = {
						CreatedOnToolsVersion = 13.3.1;
					};
					E848F805282155CD00F16792 = {
						CreatedOnToolsVersion = 13.3.1;
						TestTargetID = E848F7F8282155CD00F16792;
					};
					E848F811282155CD00F16792 = {
						CreatedOnToolsVersion = 13.3.1;
						TestTargetID = E848F7FE282155CD00F16792;
					};
				};
			};
			buildConfigurationList = E848F7F0282155CB00F16792 /* Build configuration list for PBXProject "SampleToDoApp+SwiftUI" */;
			compatibilityVersion = "Xcode 13.0";
			developmentRegion = en;
			hasScannedForEncodings = 0;
			knownRegions = (
				en,
				Base,
			);
			mainGroup = E848F7EC282155CB00F16792;
			productRefGroup = E848F7FA282155CD00F16792 /* Products */;
			projectDirPath = "";
			projectRoot = "";
			targets = (
				E848F7F8282155CD00F16792 /* SampleToDoApp+SwiftUI (iOS) */,
				E848F7FE282155CD00F16792 /* SampleToDoApp+SwiftUI (macOS) */,
				E848F805282155CD00F16792 /* Tests iOS */,
				E848F811282155CD00F16792 /* Tests macOS */,
			);
		};
/* End PBXProject section */

/* Begin PBXResourcesBuildPhase section */
		E848F7F7282155CD00F16792 /* Resources */ = {
			isa = PBXResourcesBuildPhase;
			buildActionMask = 2147483647;
			files = (
				E848F81E282155CD00F16792 /* Assets.xcassets in Resources */,
			);
			runOnlyForDeploymentPostprocessing = 0;
		};
		E848F7FD282155CD00F16792 /* Resources */ = {
			isa = PBXResourcesBuildPhase;
			buildActionMask = 2147483647;
			files = (
				E848F81F282155CD00F16792 /* Assets.xcassets in Resources */,
			);
			runOnlyForDeploymentPostprocessing = 0;
		};
		E848F804282155CD00F16792 /* Resources */ = {
			isa = PBXResourcesBuildPhase;
			buildActionMask = 2147483647;
			files = (
			);
			runOnlyForDeploymentPostprocessing = 0;
		};
		E848F810282155CD00F16792 /* Resources */ = {
			isa = PBXResourcesBuildPhase;
			buildActionMask = 2147483647;
			files = (
			);
			runOnlyForDeploymentPostprocessing = 0;
		};
/* End PBXResourcesBuildPhase section */

/* Begin PBXSourcesBuildPhase section */
		E848F7F5282155CD00F16792 /* Sources */ = {
			isa = PBXSourcesBuildPhase;
			buildActionMask = 2147483647;
			files = (
				E848F81C282155CD00F16792 /* ContentView.swift in Sources */,
				E848F81A282155CD00F16792 /* SampleToDoApp_SwiftUIApp.swift in Sources */,
				E848F8322821566600F16792 /* ToDoItem.swift in Sources */,
				E848F835282157CB00F16792 /* TaskView.swift in Sources */,
			);
			runOnlyForDeploymentPostprocessing = 0;
		};
		E848F7FB282155CD00F16792 /* Sources */ = {
			isa = PBXSourcesBuildPhase;
			buildActionMask = 2147483647;
			files = (
				E848F81D282155CD00F16792 /* ContentView.swift in Sources */,
				E848F81B282155CD00F16792 /* SampleToDoApp_SwiftUIApp.swift in Sources */,
				E848F8332821566600F16792 /* ToDoItem.swift in Sources */,
				E848F836282157CB00F16792 /* TaskView.swift in Sources */,
			);
			runOnlyForDeploymentPostprocessing = 0;
		};
		E848F802282155CD00F16792 /* Sources */ = {
			isa = PBXSourcesBuildPhase;
			buildActionMask = 2147483647;
			files = (
				E848F80D282155CD00F16792 /* Tests_iOSLaunchTests.swift in Sources */,
				E848F80B282155CD00F16792 /* Tests_iOS.swift in Sources */,
			);
			runOnlyForDeploymentPostprocessing = 0;
		};
		E848F80E282155CD00F16792 /* Sources */ = {
			isa = PBXSourcesBuildPhase;
			buildActionMask = 2147483647;
			files = (
				E848F819282155CD00F16792 /* Tests_macOSLaunchTests.swift in Sources */,
				E848F817282155CD00F16792 /* Tests_macOS.swift in Sources */,
			);
			runOnlyForDeploymentPostprocessing = 0;
		};
/* End PBXSourcesBuildPhase section */

/* Begin PBXTargetDependency section */
		E848F808282155CD00F16792 /* PBXTargetDependency */ = {
			isa = PBXTargetDependency;
			target = E848F7F8282155CD00F16792 /* SampleToDoApp+SwiftUI (iOS) */;
			targetProxy = E848F807282155CD00F16792 /* PBXContainerItemProxy */;
		};
		E848F814282155CD00F16792 /* PBXTargetDependency */ = {
			isa = PBXTargetDependency;
			target = E848F7FE282155CD00F16792 /* SampleToDoApp+SwiftUI (macOS) */;
			targetProxy = E848F813282155CD00F16792 /* PBXContainerItemProxy */;
		};
/* End PBXTargetDependency section */

/* Begin XCBuildConfiguration section */
		E848F820282155CD00F16792 /* Debug */ = {
			isa = XCBuildConfiguration;
			buildSettings = {
				ALWAYS_SEARCH_USER_PATHS = NO;
				CLANG_ANALYZER_NONNULL = YES;
				CLANG_ANALYZER_NUMBER_OBJECT_CONVERSION = YES_AGGRESSIVE;
				CLANG_CXX_LANGUAGE_STANDARD = "gnu++17";
				CLANG_ENABLE_MODULES = YES;
				CLANG_ENABLE_OBJC_ARC = YES;
				CLANG_ENABLE_OBJC_WEAK = YES;
				CLANG_WARN_BLOCK_CAPTURE_AUTORELEASING = YES;
				CLANG_WARN_BOOL_CONVERSION = YES;
				CLANG_WARN_COMMA = YES;
				CLANG_WARN_CONSTANT_CONVERSION = YES;
				CLANG_WARN_DEPRECATED_OBJC_IMPLEMENTATIONS = YES;
				CLANG_WARN_DIRECT_OBJC_ISA_USAGE = YES_ERROR;
				CLANG_WARN_DOCUMENTATION_COMMENTS = YES;
				CLANG_WARN_EMPTY_BODY = YES;
				CLANG_WARN_ENUM_CONVERSION = YES;
				CLANG_WARN_INFINITE_RECURSION = YES;
				CLANG_WARN_INT_CONVERSION = YES;
				CLANG_WARN_NON_LITERAL_NULL_CONVERSION = YES;
				CLANG_WARN_OBJC_IMPLICIT_RETAIN_SELF = YES;
				CLANG_WARN_OBJC_LITERAL_CONVERSION = YES;
				CLANG_WARN_OBJC_ROOT_CLASS = YES_ERROR;
				CLANG_WARN_QUOTED_INCLUDE_IN_FRAMEWORK_HEADER = YES;
				CLANG_WARN_RANGE_LOOP_ANALYSIS = YES;
				CLANG_WARN_STRICT_PROTOTYPES = YES;
				CLANG_WARN_SUSPICIOUS_MOVE = YES;
				CLANG_WARN_UNGUARDED_AVAILABILITY = YES_AGGRESSIVE;
				CLANG_WARN_UNREACHABLE_CODE = YES;
				CLANG_WARN__DUPLICATE_METHOD_MATCH = YES;
				COPY_PHASE_STRIP = NO;
				DEBUG_INFORMATION_FORMAT = dwarf;
				ENABLE_STRICT_OBJC_MSGSEND = YES;
				ENABLE_TESTABILITY = YES;
				GCC_C_LANGUAGE_STANDARD = gnu11;
				GCC_DYNAMIC_NO_PIC = NO;
				GCC_NO_COMMON_BLOCKS = YES;
				GCC_OPTIMIZATION_LEVEL = 0;
				GCC_PREPROCESSOR_DEFINITIONS = (
					"DEBUG=1",
					"$(inherited)",
				);
				GCC_WARN_64_TO_32_BIT_CONVERSION = YES;
				GCC_WARN_ABOUT_RETURN_TYPE = YES_ERROR;
				GCC_WARN_UNDECLARED_SELECTOR = YES;
				GCC_WARN_UNINITIALIZED_AUTOS = YES_AGGRESSIVE;
				GCC_WARN_UNUSED_FUNCTION = YES;
				GCC_WARN_UNUSED_VARIABLE = YES;
				MTL_ENABLE_DEBUG_INFO = INCLUDE_SOURCE;
				MTL_FAST_MATH = YES;
				ONLY_ACTIVE_ARCH = YES;
				SWIFT_ACTIVE_COMPILATION_CONDITIONS = DEBUG;
				SWIFT_OPTIMIZATION_LEVEL = "-Onone";
			};
			name = Debug;
		};
		E848F821282155CD00F16792 /* Release */ = {
			isa = XCBuildConfiguration;
			buildSettings = {
				ALWAYS_SEARCH_USER_PATHS = NO;
				CLANG_ANALYZER_NONNULL = YES;
				CLANG_ANALYZER_NUMBER_OBJECT_CONVERSION = YES_AGGRESSIVE;
				CLANG_CXX_LANGUAGE_STANDARD = "gnu++17";
				CLANG_ENABLE_MODULES = YES;
				CLANG_ENABLE_OBJC_ARC = YES;
				CLANG_ENABLE_OBJC_WEAK = YES;
				CLANG_WARN_BLOCK_CAPTURE_AUTORELEASING = YES;
				CLANG_WARN_BOOL_CONVERSION = YES;
				CLANG_WARN_COMMA = YES;
				CLANG_WARN_CONSTANT_CONVERSION = YES;
				CLANG_WARN_DEPRECATED_OBJC_IMPLEMENTATIONS = YES;
				CLANG_WARN_DIRECT_OBJC_ISA_USAGE = YES_ERROR;
				CLANG_WARN_DOCUMENTATION_COMMENTS = YES;
				CLANG_WARN_EMPTY_BODY = YES;
				CLANG_WARN_ENUM_CONVERSION = YES;
				CLANG_WARN_INFINITE_RECURSION = YES;
				CLANG_WARN_INT_CONVERSION = YES;
				CLANG_WARN_NON_LITERAL_NULL_CONVERSION = YES;
				CLANG_WARN_OBJC_IMPLICIT_RETAIN_SELF = YES;
				CLANG_WARN_OBJC_LITERAL_CONVERSION = YES;
				CLANG_WARN_OBJC_ROOT_CLASS = YES_ERROR;
				CLANG_WARN_QUOTED_INCLUDE_IN_FRAMEWORK_HEADER = YES;
				CLANG_WARN_RANGE_LOOP_ANALYSIS = YES;
				CLANG_WARN_STRICT_PROTOTYPES = YES;
				CLANG_WARN_SUSPICIOUS_MOVE = YES;
				CLANG_WARN_UNGUARDED_AVAILABILITY = YES_AGGRESSIVE;
				CLANG_WARN_UNREACHABLE_CODE = YES;
				CLANG_WARN__DUPLICATE_METHOD_MATCH = YES;
				COPY_PHASE_STRIP = NO;
				DEBUG_INFORMATION_FORMAT = "dwarf-with-dsym";
				ENABLE_NS_ASSERTIONS = NO;
				ENABLE_STRICT_OBJC_MSGSEND = YES;
				GCC_C_LANGUAGE_STANDARD = gnu11;
				GCC_NO_COMMON_BLOCKS = YES;
				GCC_WARN_64_TO_32_BIT_CONVERSION = YES;
				GCC_WARN_ABOUT_RETURN_TYPE = YES_ERROR;
				GCC_WARN_UNDECLARED_SELECTOR = YES;
				GCC_WARN_UNINITIALIZED_AUTOS = YES_AGGRESSIVE;
				GCC_WARN_UNUSED_FUNCTION = YES;
				GCC_WARN_UNUSED_VARIABLE = YES;
				MTL_ENABLE_DEBUG_INFO = NO;
				MTL_FAST_MATH = YES;
				SWIFT_COMPILATION_MODE = wholemodule;
				SWIFT_OPTIMIZATION_LEVEL = "-O";
			};
			name = Release;
		};
		E848F823282155CD00F16792 /* Debug */ = {
			isa = XCBuildConfiguration;
			buildSettings = {
				ASSETCATALOG_COMPILER_APPICON_NAME = AppIcon;
				ASSETCATALOG_COMPILER_GLOBAL_ACCENT_COLOR_NAME = AccentColor;
				CODE_SIGN_STYLE = Automatic;
				CURRENT_PROJECT_VERSION = 1;
				ENABLE_PREVIEWS = YES;
				GENERATE_INFOPLIST_FILE = YES;
				INFOPLIST_KEY_UIApplicationSceneManifest_Generation = YES;
				INFOPLIST_KEY_UIApplicationSupportsIndirectInputEvents = YES;
				INFOPLIST_KEY_UILaunchScreen_Generation = YES;
				INFOPLIST_KEY_UISupportedInterfaceOrientations_iPad = "UIInterfaceOrientationPortrait UIInterfaceOrientationPortraitUpsideDown UIInterfaceOrientationLandscapeLeft UIInterfaceOrientationLandscapeRight";
				INFOPLIST_KEY_UISupportedInterfaceOrientations_iPhone = "UIInterfaceOrientationPortrait UIInterfaceOrientationLandscapeLeft UIInterfaceOrientationLandscapeRight";
				IPHONEOS_DEPLOYMENT_TARGET = 15.4;
				LD_RUNPATH_SEARCH_PATHS = (
					"$(inherited)",
					"@executable_path/Frameworks",
				);
				MACOSX_DEPLOYMENT_TARGET = 12.3;
				MARKETING_VERSION = 1.0;
				PRODUCT_BUNDLE_IDENTIFIER = "kazu1222.SampleToDoApp-SwiftUI";
				PRODUCT_NAME = "SampleToDoApp+SwiftUI";
				SDKROOT = iphoneos;
				SWIFT_EMIT_LOC_STRINGS = YES;
				SWIFT_VERSION = 5.0;
				TARGETED_DEVICE_FAMILY = "1,2";
			};
			name = Debug;
		};
		E848F824282155CD00F16792 /* Release */ = {
			isa = XCBuildConfiguration;
			buildSettings = {
				ASSETCATALOG_COMPILER_APPICON_NAME = AppIcon;
				ASSETCATALOG_COMPILER_GLOBAL_ACCENT_COLOR_NAME = AccentColor;
				CODE_SIGN_STYLE = Automatic;
				CURRENT_PROJECT_VERSION = 1;
				ENABLE_PREVIEWS = YES;
				GENERATE_INFOPLIST_FILE = YES;
				INFOPLIST_KEY_UIApplicationSceneManifest_Generation = YES;
				INFOPLIST_KEY_UIApplicationSupportsIndirectInputEvents = YES;
				INFOPLIST_KEY_UILaunchScreen_Generation = YES;
				INFOPLIST_KEY_UISupportedInterfaceOrientations_iPad = "UIInterfaceOrientationPortrait UIInterfaceOrientationPortraitUpsideDown UIInterfaceOrientationLandscapeLeft UIInterfaceOrientationLandscapeRight";
				INFOPLIST_KEY_UISupportedInterfaceOrientations_iPhone = "UIInterfaceOrientationPortrait UIInterfaceOrientationLandscapeLeft UIInterfaceOrientationLandscapeRight";
				IPHONEOS_DEPLOYMENT_TARGET = 15.4;
				LD_RUNPATH_SEARCH_PATHS = (
					"$(inherited)",
					"@executable_path/Frameworks",
				);
				MACOSX_DEPLOYMENT_TARGET = 12.3;
				MARKETING_VERSION = 1.0;
				PRODUCT_BUNDLE_IDENTIFIER = "kazu1222.SampleToDoApp-SwiftUI";
				PRODUCT_NAME = "SampleToDoApp+SwiftUI";
				SDKROOT = iphoneos;
				SWIFT_EMIT_LOC_STRINGS = YES;
				SWIFT_VERSION = 5.0;
				TARGETED_DEVICE_FAMILY = "1,2";
				VALIDATE_PRODUCT = YES;
			};
			name = Release;
		};
		E848F826282155CD00F16792 /* Debug */ = {
			isa = XCBuildConfiguration;
			buildSettings = {
				ASSETCATALOG_COMPILER_APPICON_NAME = AppIcon;
				ASSETCATALOG_COMPILER_GLOBAL_ACCENT_COLOR_NAME = AccentColor;
				CODE_SIGN_ENTITLEMENTS = macOS/macOS.entitlements;
				CODE_SIGN_STYLE = Automatic;
				COMBINE_HIDPI_IMAGES = YES;
				CURRENT_PROJECT_VERSION = 1;
				ENABLE_PREVIEWS = YES;
				GENERATE_INFOPLIST_FILE = YES;
				INFOPLIST_KEY_NSHumanReadableCopyright = "";
				LD_RUNPATH_SEARCH_PATHS = (
					"$(inherited)",
					"@executable_path/../Frameworks",
				);
				MACOSX_DEPLOYMENT_TARGET = 12.2;
				MARKETING_VERSION = 1.0;
				PRODUCT_BUNDLE_IDENTIFIER = "kazu1222.SampleToDoApp-SwiftUI";
				PRODUCT_NAME = "SampleToDoApp+SwiftUI";
				SDKROOT = macosx;
				SWIFT_EMIT_LOC_STRINGS = YES;
				SWIFT_VERSION = 5.0;
			};
			name = Debug;
		};
		E848F827282155CD00F16792 /* Release */ = {
			isa = XCBuildConfiguration;
			buildSettings = {
				ASSETCATALOG_COMPILER_APPICON_NAME = AppIcon;
				ASSETCATALOG_COMPILER_GLOBAL_ACCENT_COLOR_NAME = AccentColor;
				CODE_SIGN_ENTITLEMENTS = macOS/macOS.entitlements;
				CODE_SIGN_STYLE = Automatic;
				COMBINE_HIDPI_IMAGES = YES;
				CURRENT_PROJECT_VERSION = 1;
				ENABLE_PREVIEWS = YES;
				GENERATE_INFOPLIST_FILE = YES;
				INFOPLIST_KEY_NSHumanReadableCopyright = "";
				LD_RUNPATH_SEARCH_PATHS = (
					"$(inherited)",
					"@executable_path/../Frameworks",
				);
				MACOSX_DEPLOYMENT_TARGET = 12.2;
				MARKETING_VERSION = 1.0;
				PRODUCT_BUNDLE_IDENTIFIER = "kazu1222.SampleToDoApp-SwiftUI";
				PRODUCT_NAME = "SampleToDoApp+SwiftUI";
				SDKROOT = macosx;
				SWIFT_EMIT_LOC_STRINGS = YES;
				SWIFT_VERSION = 5.0;
			};
			name = Release;
		};
		E848F829282155CD00F16792 /* Debug */ = {
			isa = XCBuildConfiguration;
			buildSettings = {
				ALWAYS_EMBED_SWIFT_STANDARD_LIBRARIES = YES;
				CODE_SIGN_STYLE = Automatic;
				CURRENT_PROJECT_VERSION = 1;
				GENERATE_INFOPLIST_FILE = YES;
				IPHONEOS_DEPLOYMENT_TARGET = 15.4;
				MARKETING_VERSION = 1.0;
				PRODUCT_BUNDLE_IDENTIFIER = "kazu1222.Tests-iOS";
				PRODUCT_NAME = "$(TARGET_NAME)";
				SDKROOT = iphoneos;
				SWIFT_EMIT_LOC_STRINGS = NO;
				SWIFT_VERSION = 5.0;
				TARGETED_DEVICE_FAMILY = "1,2";
				TEST_TARGET_NAME = "SampleToDoApp+SwiftUI (iOS)";
			};
			name = Debug;
		};
		E848F82A282155CD00F16792 /* Release */ = {
			isa = XCBuildConfiguration;
			buildSettings = {
				ALWAYS_EMBED_SWIFT_STANDARD_LIBRARIES = YES;
				CODE_SIGN_STYLE = Automatic;
				CURRENT_PROJECT_VERSION = 1;
				GENERATE_INFOPLIST_FILE = YES;
				IPHONEOS_DEPLOYMENT_TARGET = 15.4;
				MARKETING_VERSION = 1.0;
				PRODUCT_BUNDLE_IDENTIFIER = "kazu1222.Tests-iOS";
				PRODUCT_NAME = "$(TARGET_NAME)";
				SDKROOT = iphoneos;
				SWIFT_EMIT_LOC_STRINGS = NO;
				SWIFT_VERSION = 5.0;
				TARGETED_DEVICE_FAMILY = "1,2";
				TEST_TARGET_NAME = "SampleToDoApp+SwiftUI (iOS)";
				VALIDATE_PRODUCT = YES;
			};
			name = Release;
		};
		E848F82C282155CD00F16792 /* Debug */ = {
			isa = XCBuildConfiguration;
			buildSettings = {
				ALWAYS_EMBED_SWIFT_STANDARD_LIBRARIES = YES;
				CODE_SIGN_STYLE = Automatic;
				CURRENT_PROJECT_VERSION = 1;
				GENERATE_INFOPLIST_FILE = YES;
				MACOSX_DEPLOYMENT_TARGET = 12.2;
				MARKETING_VERSION = 1.0;
				PRODUCT_BUNDLE_IDENTIFIER = "kazu1222.Tests-macOS";
				PRODUCT_NAME = "$(TARGET_NAME)";
				SDKROOT = macosx;
				SWIFT_EMIT_LOC_STRINGS = NO;
				SWIFT_VERSION = 5.0;
				TEST_TARGET_NAME = "SampleToDoApp+SwiftUI (macOS)";
			};
			name = Debug;
		};
		E848F82D282155CD00F16792 /* Release */ = {
			isa = XCBuildConfiguration;
			buildSettings = {
				ALWAYS_EMBED_SWIFT_STANDARD_LIBRARIES = YES;
				CODE_SIGN_STYLE = Automatic;
				CURRENT_PROJECT_VERSION = 1;
				GENERATE_INFOPLIST_FILE = YES;
				MACOSX_DEPLOYMENT_TARGET = 12.2;
				MARKETING_VERSION = 1.0;
				PRODUCT_BUNDLE_IDENTIFIER = "kazu1222.Tests-macOS";
				PRODUCT_NAME = "$(TARGET_NAME)";
				SDKROOT = macosx;
				SWIFT_EMIT_LOC_STRINGS = NO;
				SWIFT_VERSION = 5.0;
				TEST_TARGET_NAME = "SampleToDoApp+SwiftUI (macOS)";
			};
			name = Release;
		};
/* End XCBuildConfiguration section */

/* Begin XCConfigurationList section */
		E848F7F0282155CB00F16792 /* Build configuration list for PBXProject "SampleToDoApp+SwiftUI" */ = {
			isa = XCConfigurationList;
			buildConfigurations = (
				E848F820282155CD00F16792 /* Debug */,
				E848F821282155CD00F16792 /* Release */,
			);
			defaultConfigurationIsVisible = 0;
			defaultConfigurationName = Release;
		};
		E848F822282155CD00F16792 /* Build configuration list for PBXNativeTarget "SampleToDoApp+SwiftUI (iOS)" */ = {
			isa = XCConfigurationList;
			buildConfigurations = (
				E848F823282155CD00F16792 /* Debug */,
				E848F824282155CD00F16792 /* Release */,
			);
			defaultConfigurationIsVisible = 0;
			defaultConfigurationName = Release;
		};
		E848F825282155CD00F16792 /* Build configuration list for PBXNativeTarget "SampleToDoApp+SwiftUI (macOS)" */ = {
			isa = XCConfigurationList;
			buildConfigurations = (
				E848F826282155CD00F16792 /* Debug */,
				E848F827282155CD00F16792 /* Release */,
			);
			defaultConfigurationIsVisible = 0;
			defaultConfigurationName = Release;
		};
		E848F828282155CD00F16792 /* Build configuration list for PBXNativeTarget "Tests iOS" */ = {
			isa = XCConfigurationList;
			buildConfigurations = (
				E848F829282155CD00F16792 /* Debug */,
				E848F82A282155CD00F16792 /* Release */,
			);
			defaultConfigurationIsVisible = 0;
			defaultConfigurationName = Release;
		};
		E848F82B282155CD00F16792 /* Build configuration list for PBXNativeTarget "Tests macOS" */ = {
			isa = XCConfigurationList;
			buildConfigurations = (
				E848F82C282155CD00F16792 /* Debug */,
				E848F82D282155CD00F16792 /* Release */,
			);
			defaultConfigurationIsVisible = 0;
			defaultConfigurationName = Release;
		};
/* End XCConfigurationList section */
	};
	rootObject = E848F7ED282155CB00F16792 /* Project object */;
}
